{
	"name": "qytbase-article",
	"version": "0.0.21",
	"lockfileVersion": 2,
	"requires": true,
	"packages": {
		"": {
			"name": "qytbase-article",
			"version": "0.0.20",
			"license": "ISC",
			"dependencies": {
				"core": "../core"
			}
		},
		"../core": {
			"name": "qytbase-core",
			"version": "0.0.20",
			"license": "ISC"
		},
		"node_modules/core": {
			"resolved": "../core",
			"link": true
		}
	},
	"dependencies": {
		"core": {
			"version": "file:../core"
		}
	}
}
